
Microsoft Visual Studio Solution File, Format Version 12.00
# Visual Studio Version 17
VisualStudioVersion = 17.14.36623.8
MinimumVisualStudioVersion = 10.0.40219.1
Project("{FAE04EC0-301F-11D3-BF4B-00C04F79EFBC}") = "DoTe101", "DoTe101\DoTe101.csproj", "{3B77646A-7A11-494D-8AA9-7D0960094A85}"
EndProject
Project("{54435603-DBB4-11D2-8724-00A0C9A8B90C}") = "DoTe101_Installer", "DoTe101_Installer\DoTe101_Installer.vdproj", "{19B89EC2-22D0-E952-4BC1-032DA9E50D4F}"
EndProject
Global
	GlobalSection(SolutionConfigurationPlatforms) = preSolution
		Debug|Any CPU = Debug|Any CPU
		Release|Any CPU = Release|Any CPU
	EndGlobalSection
	GlobalSection(ProjectConfigurationPlatforms) = postSolution
		{3B77646A-7A11-494D-8AA9-7D0960094A85}.Debug|Any CPU.ActiveCfg = Debug|Any CPU
		{3B77646A-7A11-494D-8AA9-7D0960094A85}.Debug|Any CPU.Build.0 = Debug|Any CPU
		{3B77646A-7A11-494D-8AA9-7D0960094A85}.Release|Any CPU.ActiveCfg = Release|Any CPU
		{3B77646A-7A11-494D-8AA9-7D0960094A85}.Release|Any CPU.Build.0 = Release|Any CPU
		{19B89EC2-22D0-E952-4BC1-032DA9E50D4F}.Debug|Any CPU.ActiveCfg = Debug
		{19B89EC2-22D0-E952-4BC1-032DA9E50D4F}.Release|Any CPU.ActiveCfg = Release
		{19B89EC2-22D0-E952-4BC1-032DA9E50D4F}.Release|Any CPU.Build.0 = Release
	EndGlobalSection
	GlobalSection(SolutionProperties) = preSolution
		HideSolutionNode = FALSE
	EndGlobalSection
	GlobalSection(ExtensibilityGlobals) = postSolution
		SolutionGuid = {55200750-ABAE-48E8-80AA-40115D88F2F1}
	EndGlobalSection
EndGlobal
